
Microsoft Visual Studio Solution File, Format Version 12.00
# Visual Studio 14
VisualStudioVersion = 14.0.25123.0
MinimumVisualStudioVersion = 10.0.40219.1
Project("{FAE04EC0-301F-11D3-BF4B-00C04F79EFBC}") = "HelloWorld", "HelloWorld\HelloWorld.csproj", "{E52598EB-DA62-47E2-AC72-C7183535B815}"
EndProject
Project("{FAE04EC0-301F-11D3-BF4B-00C04F79EFBC}") = "ExerciceOrientation", "ExerciceOrientation\ExerciceOrientation.csproj", "{B01BE684-42D4-4912-940D-013676D3469A}"
EndProject
Project("{FAE04EC0-301F-11D3-BF4B-00C04F79EFBC}") = "ExemploOrientacaoMudar", "ExemploOrientacaoMudar\ExemploOrientacaoMudar.csproj", "{6946AB39-A892-4E57-B728-D0E9AB4E71B8}"
EndProject
Project("{FAE04EC0-301F-11D3-BF4B-00C04F79EFBC}") = "ExercicioOrientacaoBotoes", "ExercicioOrientacaoBotoes\ExercicioOrientacaoBotoes.csproj", "{CCA9CFE6-07DF-47D6-A540-4DEAE7F13E37}"
EndProject
Project("{FAE04EC0-301F-11D3-BF4B-00C04F79EFBC}") = "ExemploImagens", "ExemploImagens\ExemploImagens.csproj", "{F06463AF-6B0A-4A97-95E6-271C64131A92}"
EndProject
Project("{FAE04EC0-301F-11D3-BF4B-00C04F79EFBC}") = "ImagensTimer", "ImagensTimer\ImagensTimer.csproj", "{59F64EB9-FD6D-474A-AFD1-380B7C434202}"
EndProject
Project("{FAE04EC0-301F-11D3-BF4B-00C04F79EFBC}") = "ExemploBinding", "ExemploBinding\ExemploBinding.csproj", "{C0E0105A-F175-441F-B890-0DB851E76E81}"
EndProject
Project("{FAE04EC0-301F-11D3-BF4B-00C04F79EFBC}") = "BindingRetangulo", "BindingRetangulo\BindingRetangulo.csproj", "{AE97EF63-CA1A-4AA0-A9A6-77D9390FA619}"
EndProject
Project("{FAE04EC0-301F-11D3-BF4B-00C04F79EFBC}") = "ExercicioBotoes", "ExercicioBotoes\ExercicioBotoes.csproj", "{E5D0D52E-238A-4571-9A29-BDFFBFA891B1}"
EndProject
Global
	GlobalSection(SolutionConfigurationPlatforms) = preSolution
		Debug|Any CPU = Debug|Any CPU
		Debug|ARM = Debug|ARM
		Debug|x86 = Debug|x86
		Release|Any CPU = Release|Any CPU
		Release|ARM = Release|ARM
		Release|x86 = Release|x86
	EndGlobalSection
	GlobalSection(ProjectConfigurationPlatforms) = postSolution
		{E52598EB-DA62-47E2-AC72-C7183535B815}.Debug|Any CPU.ActiveCfg = Debug|Any CPU
		{E52598EB-DA62-47E2-AC72-C7183535B815}.Debug|Any CPU.Build.0 = Debug|Any CPU
		{E52598EB-DA62-47E2-AC72-C7183535B815}.Debug|Any CPU.Deploy.0 = Debug|Any CPU
		{E52598EB-DA62-47E2-AC72-C7183535B815}.Debug|ARM.ActiveCfg = Debug|ARM
		{E52598EB-DA62-47E2-AC72-C7183535B815}.Debug|ARM.Build.0 = Debug|ARM
		{E52598EB-DA62-47E2-AC72-C7183535B815}.Debug|ARM.Deploy.0 = Debug|ARM
		{E52598EB-DA62-47E2-AC72-C7183535B815}.Debug|x86.ActiveCfg = Debug|x86
		{E52598EB-DA62-47E2-AC72-C7183535B815}.Debug|x86.Build.0 = Debug|x86
		{E52598EB-DA62-47E2-AC72-C7183535B815}.Debug|x86.Deploy.0 = Debug|x86
		{E52598EB-DA62-47E2-AC72-C7183535B815}.Release|Any CPU.ActiveCfg = Release|Any CPU
		{E52598EB-DA62-47E2-AC72-C7183535B815}.Release|Any CPU.Build.0 = Release|Any CPU
		{E52598EB-DA62-47E2-AC72-C7183535B815}.Release|Any CPU.Deploy.0 = Release|Any CPU
		{E52598EB-DA62-47E2-AC72-C7183535B815}.Release|ARM.ActiveCfg = Release|ARM
		{E52598EB-DA62-47E2-AC72-C7183535B815}.Release|ARM.Build.0 = Release|ARM
		{E52598EB-DA62-47E2-AC72-C7183535B815}.Release|ARM.Deploy.0 = Release|ARM
		{E52598EB-DA62-47E2-AC72-C7183535B815}.Release|x86.ActiveCfg = Release|x86
		{E52598EB-DA62-47E2-AC72-C7183535B815}.Release|x86.Build.0 = Release|x86
		{E52598EB-DA62-47E2-AC72-C7183535B815}.Release|x86.Deploy.0 = Release|x86
		{B01BE684-42D4-4912-940D-013676D3469A}.Debug|Any CPU.ActiveCfg = Debug|Any CPU
		{B01BE684-42D4-4912-940D-013676D3469A}.Debug|Any CPU.Build.0 = Debug|Any CPU
		{B01BE684-42D4-4912-940D-013676D3469A}.Debug|Any CPU.Deploy.0 = Debug|Any CPU
		{B01BE684-42D4-4912-940D-013676D3469A}.Debug|ARM.ActiveCfg = Debug|ARM
		{B01BE684-42D4-4912-940D-013676D3469A}.Debug|ARM.Build.0 = Debug|ARM
		{B01BE684-42D4-4912-940D-013676D3469A}.Debug|ARM.Deploy.0 = Debug|ARM
		{B01BE684-42D4-4912-940D-013676D3469A}.Debug|x86.ActiveCfg = Debug|x86
		{B01BE684-42D4-4912-940D-013676D3469A}.Debug|x86.Build.0 = Debug|x86
		{B01BE684-42D4-4912-940D-013676D3469A}.Debug|x86.Deploy.0 = Debug|x86
		{B01BE684-42D4-4912-940D-013676D3469A}.Release|Any CPU.ActiveCfg = Release|Any CPU
		{B01BE684-42D4-4912-940D-013676D3469A}.Release|Any CPU.Build.0 = Release|Any CPU
		{B01BE684-42D4-4912-940D-013676D3469A}.Release|Any CPU.Deploy.0 = Release|Any CPU
		{B01BE684-42D4-4912-940D-013676D3469A}.Release|ARM.ActiveCfg = Release|ARM
		{B01BE684-42D4-4912-940D-013676D3469A}.Release|ARM.Build.0 = Release|ARM
		{B01BE684-42D4-4912-940D-013676D3469A}.Release|ARM.Deploy.0 = Release|ARM
		{B01BE684-42D4-4912-940D-013676D3469A}.Release|x86.ActiveCfg = Release|x86
		{B01BE684-42D4-4912-940D-013676D3469A}.Release|x86.Build.0 = Release|x86
		{B01BE684-42D4-4912-940D-013676D3469A}.Release|x86.Deploy.0 = Release|x86
		{6946AB39-A892-4E57-B728-D0E9AB4E71B8}.Debug|Any CPU.ActiveCfg = Debug|Any CPU
		{6946AB39-A892-4E57-B728-D0E9AB4E71B8}.Debug|Any CPU.Build.0 = Debug|Any CPU
		{6946AB39-A892-4E57-B728-D0E9AB4E71B8}.Debug|Any CPU.Deploy.0 = Debug|Any CPU
		{6946AB39-A892-4E57-B728-D0E9AB4E71B8}.Debug|ARM.ActiveCfg = Debug|ARM
		{6946AB39-A892-4E57-B728-D0E9AB4E71B8}.Debug|ARM.Build.0 = Debug|ARM
		{6946AB39-A892-4E57-B728-D0E9AB4E71B8}.Debug|ARM.Deploy.0 = Debug|ARM
		{6946AB39-A892-4E57-B728-D0E9AB4E71B8}.Debug|x86.ActiveCfg = Debug|x86
		{6946AB39-A892-4E57-B728-D0E9AB4E71B8}.Debug|x86.Build.0 = Debug|x86
		{6946AB39-A892-4E57-B728-D0E9AB4E71B8}.Debug|x86.Deploy.0 = Debug|x86
		{6946AB39-A892-4E57-B728-D0E9AB4E71B8}.Release|Any CPU.ActiveCfg = Release|Any CPU
		{6946AB39-A892-4E57-B728-D0E9AB4E71B8}.Release|Any CPU.Build.0 = Release|Any CPU
		{6946AB39-A892-4E57-B728-D0E9AB4E71B8}.Release|Any CPU.Deploy.0 = Release|Any CPU
		{6946AB39-A892-4E57-B728-D0E9AB4E71B8}.Release|ARM.ActiveCfg = Release|ARM
		{6946AB39-A892-4E57-B728-D0E9AB4E71B8}.Release|ARM.Build.0 = Release|ARM
		{6946AB39-A892-4E57-B728-D0E9AB4E71B8}.Release|ARM.Deploy.0 = Release|ARM
		{6946AB39-A892-4E57-B728-D0E9AB4E71B8}.Release|x86.ActiveCfg = Release|x86
		{6946AB39-A892-4E57-B728-D0E9AB4E71B8}.Release|x86.Build.0 = Release|x86
		{6946AB39-A892-4E57-B728-D0E9AB4E71B8}.Release|x86.Deploy.0 = Release|x86
		{CCA9CFE6-07DF-47D6-A540-4DEAE7F13E37}.Debug|Any CPU.ActiveCfg = Debug|Any CPU
		{CCA9CFE6-07DF-47D6-A540-4DEAE7F13E37}.Debug|Any CPU.Build.0 = Debug|Any CPU
		{CCA9CFE6-07DF-47D6-A540-4DEAE7F13E37}.Debug|Any CPU.Deploy.0 = Debug|Any CPU
		{CCA9CFE6-07DF-47D6-A540-4DEAE7F13E37}.Debug|ARM.ActiveCfg = Debug|ARM
		{CCA9CFE6-07DF-47D6-A540-4DEAE7F13E37}.Debug|ARM.Build.0 = Debug|ARM
		{CCA9CFE6-07DF-47D6-A540-4DEAE7F13E37}.Debug|ARM.Deploy.0 = Debug|ARM
		{CCA9CFE6-07DF-47D6-A540-4DEAE7F13E37}.Debug|x86.ActiveCfg = Debug|x86
		{CCA9CFE6-07DF-47D6-A540-4DEAE7F13E37}.Debug|x86.Build.0 = Debug|x86
		{CCA9CFE6-07DF-47D6-A540-4DEAE7F13E37}.Debug|x86.Deploy.0 = Debug|x86
		{CCA9CFE6-07DF-47D6-A540-4DEAE7F13E37}.Release|Any CPU.ActiveCfg = Release|Any CPU
		{CCA9CFE6-07DF-47D6-A540-4DEAE7F13E37}.Release|Any CPU.Build.0 = Release|Any CPU
		{CCA9CFE6-07DF-47D6-A540-4DEAE7F13E37}.Release|Any CPU.Deploy.0 = Release|Any CPU
		{CCA9CFE6-07DF-47D6-A540-4DEAE7F13E37}.Release|ARM.ActiveCfg = Release|ARM
		{CCA9CFE6-07DF-47D6-A540-4DEAE7F13E37}.Release|ARM.Build.0 = Release|ARM
		{CCA9CFE6-07DF-47D6-A540-4DEAE7F13E37}.Release|ARM.Deploy.0 = Release|ARM
		{CCA9CFE6-07DF-47D6-A540-4DEAE7F13E37}.Release|x86.ActiveCfg = Release|x86
		{CCA9CFE6-07DF-47D6-A540-4DEAE7F13E37}.Release|x86.Build.0 = Release|x86
		{CCA9CFE6-07DF-47D6-A540-4DEAE7F13E37}.Release|x86.Deploy.0 = Release|x86
		{F06463AF-6B0A-4A97-95E6-271C64131A92}.Debug|Any CPU.ActiveCfg = Debug|Any CPU
		{F06463AF-6B0A-4A97-95E6-271C64131A92}.Debug|Any CPU.Build.0 = Debug|Any CPU
		{F06463AF-6B0A-4A97-95E6-271C64131A92}.Debug|Any CPU.Deploy.0 = Debug|Any CPU
		{F06463AF-6B0A-4A97-95E6-271C64131A92}.Debug|ARM.ActiveCfg = Debug|ARM
		{F06463AF-6B0A-4A97-95E6-271C64131A92}.Debug|ARM.Build.0 = Debug|ARM
		{F06463AF-6B0A-4A97-95E6-271C64131A92}.Debug|ARM.Deploy.0 = Debug|ARM
		{F06463AF-6B0A-4A97-95E6-271C64131A92}.Debug|x86.ActiveCfg = Debug|x86
		{F06463AF-6B0A-4A97-95E6-271C64131A92}.Debug|x86.Build.0 = Debug|x86
		{F06463AF-6B0A-4A97-95E6-271C64131A92}.Debug|x86.Deploy.0 = Debug|x86
		{F06463AF-6B0A-4A97-95E6-271C64131A92}.Release|Any CPU.ActiveCfg = Release|Any CPU
		{F06463AF-6B0A-4A97-95E6-271C64131A92}.Release|Any CPU.Build.0 = Release|Any CPU
		{F06463AF-6B0A-4A97-95E6-271C64131A92}.Release|Any CPU.Deploy.0 = Release|Any CPU
		{F06463AF-6B0A-4A97-95E6-271C64131A92}.Release|ARM.ActiveCfg = Release|ARM
		{F06463AF-6B0A-4A97-95E6-271C64131A92}.Release|ARM.Build.0 = Release|ARM
		{F06463AF-6B0A-4A97-95E6-271C64131A92}.Release|ARM.Deploy.0 = Release|ARM
		{F06463AF-6B0A-4A97-95E6-271C64131A92}.Release|x86.ActiveCfg = Release|x86
		{F06463AF-6B0A-4A97-95E6-271C64131A92}.Release|x86.Build.0 = Release|x86
		{F06463AF-6B0A-4A97-95E6-271C64131A92}.Release|x86.Deploy.0 = Release|x86
		{59F64EB9-FD6D-474A-AFD1-380B7C434202}.Debug|Any CPU.ActiveCfg = Debug|Any CPU
		{59F64EB9-FD6D-474A-AFD1-380B7C434202}.Debug|Any CPU.Build.0 = Debug|Any CPU
		{59F64EB9-FD6D-474A-AFD1-380B7C434202}.Debug|Any CPU.Deploy.0 = Debug|Any CPU
		{59F64EB9-FD6D-474A-AFD1-380B7C434202}.Debug|ARM.ActiveCfg = Debug|ARM
		{59F64EB9-FD6D-474A-AFD1-380B7C434202}.Debug|ARM.Build.0 = Debug|ARM
		{59F64EB9-FD6D-474A-AFD1-380B7C434202}.Debug|ARM.Deploy.0 = Debug|ARM
		{59F64EB9-FD6D-474A-AFD1-380B7C434202}.Debug|x86.ActiveCfg = Debug|x86
		{59F64EB9-FD6D-474A-AFD1-380B7C434202}.Debug|x86.Build.0 = Debug|x86
		{59F64EB9-FD6D-474A-AFD1-380B7C434202}.Debug|x86.Deploy.0 = Debug|x86
		{59F64EB9-FD6D-474A-AFD1-380B7C434202}.Release|Any CPU.ActiveCfg = Release|Any CPU
		{59F64EB9-FD6D-474A-AFD1-380B7C434202}.Release|Any CPU.Build.0 = Release|Any CPU
		{59F64EB9-FD6D-474A-AFD1-380B7C434202}.Release|Any CPU.Deploy.0 = Release|Any CPU
		{59F64EB9-FD6D-474A-AFD1-380B7C434202}.Release|ARM.ActiveCfg = Release|ARM
		{59F64EB9-FD6D-474A-AFD1-380B7C434202}.Release|ARM.Build.0 = Release|ARM
		{59F64EB9-FD6D-474A-AFD1-380B7C434202}.Release|ARM.Deploy.0 = Release|ARM
		{59F64EB9-FD6D-474A-AFD1-380B7C434202}.Release|x86.ActiveCfg = Release|x86
		{59F64EB9-FD6D-474A-AFD1-380B7C434202}.Release|x86.Build.0 = Release|x86
		{59F64EB9-FD6D-474A-AFD1-380B7C434202}.Release|x86.Deploy.0 = Release|x86
		{C0E0105A-F175-441F-B890-0DB851E76E81}.Debug|Any CPU.ActiveCfg = Debug|Any CPU
		{C0E0105A-F175-441F-B890-0DB851E76E81}.Debug|Any CPU.Build.0 = Debug|Any CPU
		{C0E0105A-F175-441F-B890-0DB851E76E81}.Debug|Any CPU.Deploy.0 = Debug|Any CPU
		{C0E0105A-F175-441F-B890-0DB851E76E81}.Debug|ARM.ActiveCfg = Debug|ARM
		{C0E0105A-F175-441F-B890-0DB851E76E81}.Debug|ARM.Build.0 = Debug|ARM
		{C0E0105A-F175-441F-B890-0DB851E76E81}.Debug|ARM.Deploy.0 = Debug|ARM
		{C0E0105A-F175-441F-B890-0DB851E76E81}.Debug|x86.ActiveCfg = Debug|x86
		{C0E0105A-F175-441F-B890-0DB851E76E81}.Debug|x86.Build.0 = Debug|x86
		{C0E0105A-F175-441F-B890-0DB851E76E81}.Debug|x86.Deploy.0 = Debug|x86
		{C0E0105A-F175-441F-B890-0DB851E76E81}.Release|Any CPU.ActiveCfg = Release|Any CPU
		{C0E0105A-F175-441F-B890-0DB851E76E81}.Release|Any CPU.Build.0 = Release|Any CPU
		{C0E0105A-F175-441F-B890-0DB851E76E81}.Release|Any CPU.Deploy.0 = Release|Any CPU
		{C0E0105A-F175-441F-B890-0DB851E76E81}.Release|ARM.ActiveCfg = Release|ARM
		{C0E0105A-F175-441F-B890-0DB851E76E81}.Release|ARM.Build.0 = Release|ARM
		{C0E0105A-F175-441F-B890-0DB851E76E81}.Release|ARM.Deploy.0 = Release|ARM
		{C0E0105A-F175-441F-B890-0DB851E76E81}.Release|x86.ActiveCfg = Release|x86
		{C0E0105A-F175-441F-B890-0DB851E76E81}.Release|x86.Build.0 = Release|x86
		{C0E0105A-F175-441F-B890-0DB851E76E81}.Release|x86.Deploy.0 = Release|x86
		{AE97EF63-CA1A-4AA0-A9A6-77D9390FA619}.Debug|Any CPU.ActiveCfg = Debug|Any CPU
		{AE97EF63-CA1A-4AA0-A9A6-77D9390FA619}.Debug|Any CPU.Build.0 = Debug|Any CPU
		{AE97EF63-CA1A-4AA0-A9A6-77D9390FA619}.Debug|Any CPU.Deploy.0 = Debug|Any CPU
		{AE97EF63-CA1A-4AA0-A9A6-77D9390FA619}.Debug|ARM.ActiveCfg = Debug|ARM
		{AE97EF63-CA1A-4AA0-A9A6-77D9390FA619}.Debug|ARM.Build.0 = Debug|ARM
		{AE97EF63-CA1A-4AA0-A9A6-77D9390FA619}.Debug|ARM.Deploy.0 = Debug|ARM
		{AE97EF63-CA1A-4AA0-A9A6-77D9390FA619}.Debug|x86.ActiveCfg = Debug|x86
		{AE97EF63-CA1A-4AA0-A9A6-77D9390FA619}.Debug|x86.Build.0 = Debug|x86
		{AE97EF63-CA1A-4AA0-A9A6-77D9390FA619}.Debug|x86.Deploy.0 = Debug|x86
		{AE97EF63-CA1A-4AA0-A9A6-77D9390FA619}.Release|Any CPU.ActiveCfg = Release|Any CPU
		{AE97EF63-CA1A-4AA0-A9A6-77D9390FA619}.Release|Any CPU.Build.0 = Release|Any CPU
		{AE97EF63-CA1A-4AA0-A9A6-77D9390FA619}.Release|Any CPU.Deploy.0 = Release|Any CPU
		{AE97EF63-CA1A-4AA0-A9A6-77D9390FA619}.Release|ARM.ActiveCfg = Release|ARM
		{AE97EF63-CA1A-4AA0-A9A6-77D9390FA619}.Release|ARM.Build.0 = Release|ARM
		{AE97EF63-CA1A-4AA0-A9A6-77D9390FA619}.Release|ARM.Deploy.0 = Release|ARM
		{AE97EF63-CA1A-4AA0-A9A6-77D9390FA619}.Release|x86.ActiveCfg = Release|x86
		{AE97EF63-CA1A-4AA0-A9A6-77D9390FA619}.Release|x86.Build.0 = Release|x86
		{AE97EF63-CA1A-4AA0-A9A6-77D9390FA619}.Release|x86.Deploy.0 = Release|x86
		{E5D0D52E-238A-4571-9A29-BDFFBFA891B1}.Debug|Any CPU.ActiveCfg = Debug|Any CPU
		{E5D0D52E-238A-4571-9A29-BDFFBFA891B1}.Debug|Any CPU.Build.0 = Debug|Any CPU
		{E5D0D52E-238A-4571-9A29-BDFFBFA891B1}.Debug|Any CPU.Deploy.0 = Debug|Any CPU
		{E5D0D52E-238A-4571-9A29-BDFFBFA891B1}.Debug|ARM.ActiveCfg = Debug|ARM
		{E5D0D52E-238A-4571-9A29-BDFFBFA891B1}.Debug|ARM.Build.0 = Debug|ARM
		{E5D0D52E-238A-4571-9A29-BDFFBFA891B1}.Debug|ARM.Deploy.0 = Debug|ARM
		{E5D0D52E-238A-4571-9A29-BDFFBFA891B1}.Debug|x86.ActiveCfg = Debug|x86
		{E5D0D52E-238A-4571-9A29-BDFFBFA891B1}.Debug|x86.Build.0 = Debug|x86
		{E5D0D52E-238A-4571-9A29-BDFFBFA891B1}.Debug|x86.Deploy.0 = Debug|x86
		{E5D0D52E-238A-4571-9A29-BDFFBFA891B1}.Release|Any CPU.ActiveCfg = Release|Any CPU
		{E5D0D52E-238A-4571-9A29-BDFFBFA891B1}.Release|Any CPU.Build.0 = Release|Any CPU
		{E5D0D52E-238A-4571-9A29-BDFFBFA891B1}.Release|Any CPU.Deploy.0 = Release|Any CPU
		{E5D0D52E-238A-4571-9A29-BDFFBFA891B1}.Release|ARM.ActiveCfg = Release|ARM
		{E5D0D52E-238A-4571-9A29-BDFFBFA891B1}.Release|ARM.Build.0 = Release|ARM
		{E5D0D52E-238A-4571-9A29-BDFFBFA891B1}.Release|ARM.Deploy.0 = Release|ARM
		{E5D0D52E-238A-4571-9A29-BDFFBFA891B1}.Release|x86.ActiveCfg = Release|x86
		{E5D0D52E-238A-4571-9A29-BDFFBFA891B1}.Release|x86.Build.0 = Release|x86
		{E5D0D52E-238A-4571-9A29-BDFFBFA891B1}.Release|x86.Deploy.0 = Release|x86
	EndGlobalSection
	GlobalSection(SolutionProperties) = preSolution
		HideSolutionNode = FALSE
	EndGlobalSection
EndGlobal
