
Microsoft Visual Studio Solution File, Format Version 12.00
# Visual Studio 14
VisualStudioVersion = 14.0.25123.0
MinimumVisualStudioVersion = 10.0.40219.1
Project("{FAE04EC0-301F-11D3-BF4B-00C04F79EFBC}") = "CicloVidaApp", "CicloVidaApp\CicloVidaApp.csproj", "{8B3428FD-7A14-41DB-BDEF-6BB831B6871F}"
EndProject
Project("{FAE04EC0-301F-11D3-BF4B-00C04F79EFBC}") = "ExemploNavegacao", "ExemploNavegacao\ExemploNavegacao.csproj", "{54EF0088-99EE-41DA-976D-4BB27E9EEEFE}"
EndProject
Project("{FAE04EC0-301F-11D3-BF4B-00C04F79EFBC}") = "ExemploCanvas", "ExemploCanvas\ExemploCanvas.csproj", "{07610A9F-9256-419B-B9A4-6504CB429817}"
EndProject
Project("{FAE04EC0-301F-11D3-BF4B-00C04F79EFBC}") = "PanoramaApp1", "PanoramaApp1\PanoramaApp1.csproj", "{7E638BD9-AA31-449C-8B3C-CB4D5D117C55}"
EndProject
Project("{FAE04EC0-301F-11D3-BF4B-00C04F79EFBC}") = "ExemploPanorama", "ExemploPanorama\ExemploPanorama.csproj", "{0B7FEA1B-6F70-46C8-ADBC-13501EDF774F}"
EndProject
Project("{FAE04EC0-301F-11D3-BF4B-00C04F79EFBC}") = "ExemploTemplate", "ExemploTemplate\ExemploTemplate.csproj", "{E7687358-47DD-4753-B6A3-99769566C492}"
EndProject
Global
	GlobalSection(SolutionConfigurationPlatforms) = preSolution
		Debug|Any CPU = Debug|Any CPU
		Debug|ARM = Debug|ARM
		Debug|x86 = Debug|x86
		Release|Any CPU = Release|Any CPU
		Release|ARM = Release|ARM
		Release|x86 = Release|x86
	EndGlobalSection
	GlobalSection(ProjectConfigurationPlatforms) = postSolution
		{8B3428FD-7A14-41DB-BDEF-6BB831B6871F}.Debug|Any CPU.ActiveCfg = Debug|Any CPU
		{8B3428FD-7A14-41DB-BDEF-6BB831B6871F}.Debug|Any CPU.Build.0 = Debug|Any CPU
		{8B3428FD-7A14-41DB-BDEF-6BB831B6871F}.Debug|Any CPU.Deploy.0 = Debug|Any CPU
		{8B3428FD-7A14-41DB-BDEF-6BB831B6871F}.Debug|ARM.ActiveCfg = Debug|ARM
		{8B3428FD-7A14-41DB-BDEF-6BB831B6871F}.Debug|ARM.Build.0 = Debug|ARM
		{8B3428FD-7A14-41DB-BDEF-6BB831B6871F}.Debug|ARM.Deploy.0 = Debug|ARM
		{8B3428FD-7A14-41DB-BDEF-6BB831B6871F}.Debug|x86.ActiveCfg = Debug|x86
		{8B3428FD-7A14-41DB-BDEF-6BB831B6871F}.Debug|x86.Build.0 = Debug|x86
		{8B3428FD-7A14-41DB-BDEF-6BB831B6871F}.Debug|x86.Deploy.0 = Debug|x86
		{8B3428FD-7A14-41DB-BDEF-6BB831B6871F}.Release|Any CPU.ActiveCfg = Release|Any CPU
		{8B3428FD-7A14-41DB-BDEF-6BB831B6871F}.Release|Any CPU.Build.0 = Release|Any CPU
		{8B3428FD-7A14-41DB-BDEF-6BB831B6871F}.Release|Any CPU.Deploy.0 = Release|Any CPU
		{8B3428FD-7A14-41DB-BDEF-6BB831B6871F}.Release|ARM.ActiveCfg = Release|ARM
		{8B3428FD-7A14-41DB-BDEF-6BB831B6871F}.Release|ARM.Build.0 = Release|ARM
		{8B3428FD-7A14-41DB-BDEF-6BB831B6871F}.Release|ARM.Deploy.0 = Release|ARM
		{8B3428FD-7A14-41DB-BDEF-6BB831B6871F}.Release|x86.ActiveCfg = Release|x86
		{8B3428FD-7A14-41DB-BDEF-6BB831B6871F}.Release|x86.Build.0 = Release|x86
		{8B3428FD-7A14-41DB-BDEF-6BB831B6871F}.Release|x86.Deploy.0 = Release|x86
		{54EF0088-99EE-41DA-976D-4BB27E9EEEFE}.Debug|Any CPU.ActiveCfg = Debug|Any CPU
		{54EF0088-99EE-41DA-976D-4BB27E9EEEFE}.Debug|Any CPU.Build.0 = Debug|Any CPU
		{54EF0088-99EE-41DA-976D-4BB27E9EEEFE}.Debug|Any CPU.Deploy.0 = Debug|Any CPU
		{54EF0088-99EE-41DA-976D-4BB27E9EEEFE}.Debug|ARM.ActiveCfg = Debug|ARM
		{54EF0088-99EE-41DA-976D-4BB27E9EEEFE}.Debug|ARM.Build.0 = Debug|ARM
		{54EF0088-99EE-41DA-976D-4BB27E9EEEFE}.Debug|ARM.Deploy.0 = Debug|ARM
		{54EF0088-99EE-41DA-976D-4BB27E9EEEFE}.Debug|x86.ActiveCfg = Debug|x86
		{54EF0088-99EE-41DA-976D-4BB27E9EEEFE}.Debug|x86.Build.0 = Debug|x86
		{54EF0088-99EE-41DA-976D-4BB27E9EEEFE}.Debug|x86.Deploy.0 = Debug|x86
		{54EF0088-99EE-41DA-976D-4BB27E9EEEFE}.Release|Any CPU.ActiveCfg = Release|Any CPU
		{54EF0088-99EE-41DA-976D-4BB27E9EEEFE}.Release|Any CPU.Build.0 = Release|Any CPU
		{54EF0088-99EE-41DA-976D-4BB27E9EEEFE}.Release|Any CPU.Deploy.0 = Release|Any CPU
		{54EF0088-99EE-41DA-976D-4BB27E9EEEFE}.Release|ARM.ActiveCfg = Release|ARM
		{54EF0088-99EE-41DA-976D-4BB27E9EEEFE}.Release|ARM.Build.0 = Release|ARM
		{54EF0088-99EE-41DA-976D-4BB27E9EEEFE}.Release|ARM.Deploy.0 = Release|ARM
		{54EF0088-99EE-41DA-976D-4BB27E9EEEFE}.Release|x86.ActiveCfg = Release|x86
		{54EF0088-99EE-41DA-976D-4BB27E9EEEFE}.Release|x86.Build.0 = Release|x86
		{54EF0088-99EE-41DA-976D-4BB27E9EEEFE}.Release|x86.Deploy.0 = Release|x86
		{07610A9F-9256-419B-B9A4-6504CB429817}.Debug|Any CPU.ActiveCfg = Debug|Any CPU
		{07610A9F-9256-419B-B9A4-6504CB429817}.Debug|Any CPU.Build.0 = Debug|Any CPU
		{07610A9F-9256-419B-B9A4-6504CB429817}.Debug|Any CPU.Deploy.0 = Debug|Any CPU
		{07610A9F-9256-419B-B9A4-6504CB429817}.Debug|ARM.ActiveCfg = Debug|ARM
		{07610A9F-9256-419B-B9A4-6504CB429817}.Debug|ARM.Build.0 = Debug|ARM
		{07610A9F-9256-419B-B9A4-6504CB429817}.Debug|ARM.Deploy.0 = Debug|ARM
		{07610A9F-9256-419B-B9A4-6504CB429817}.Debug|x86.ActiveCfg = Debug|x86
		{07610A9F-9256-419B-B9A4-6504CB429817}.Debug|x86.Build.0 = Debug|x86
		{07610A9F-9256-419B-B9A4-6504CB429817}.Debug|x86.Deploy.0 = Debug|x86
		{07610A9F-9256-419B-B9A4-6504CB429817}.Release|Any CPU.ActiveCfg = Release|Any CPU
		{07610A9F-9256-419B-B9A4-6504CB429817}.Release|Any CPU.Build.0 = Release|Any CPU
		{07610A9F-9256-419B-B9A4-6504CB429817}.Release|Any CPU.Deploy.0 = Release|Any CPU
		{07610A9F-9256-419B-B9A4-6504CB429817}.Release|ARM.ActiveCfg = Release|ARM
		{07610A9F-9256-419B-B9A4-6504CB429817}.Release|ARM.Build.0 = Release|ARM
		{07610A9F-9256-419B-B9A4-6504CB429817}.Release|ARM.Deploy.0 = Release|ARM
		{07610A9F-9256-419B-B9A4-6504CB429817}.Release|x86.ActiveCfg = Release|x86
		{07610A9F-9256-419B-B9A4-6504CB429817}.Release|x86.Build.0 = Release|x86
		{07610A9F-9256-419B-B9A4-6504CB429817}.Release|x86.Deploy.0 = Release|x86
		{7E638BD9-AA31-449C-8B3C-CB4D5D117C55}.Debug|Any CPU.ActiveCfg = Debug|Any CPU
		{7E638BD9-AA31-449C-8B3C-CB4D5D117C55}.Debug|Any CPU.Build.0 = Debug|Any CPU
		{7E638BD9-AA31-449C-8B3C-CB4D5D117C55}.Debug|Any CPU.Deploy.0 = Debug|Any CPU
		{7E638BD9-AA31-449C-8B3C-CB4D5D117C55}.Debug|ARM.ActiveCfg = Debug|ARM
		{7E638BD9-AA31-449C-8B3C-CB4D5D117C55}.Debug|ARM.Build.0 = Debug|ARM
		{7E638BD9-AA31-449C-8B3C-CB4D5D117C55}.Debug|ARM.Deploy.0 = Debug|ARM
		{7E638BD9-AA31-449C-8B3C-CB4D5D117C55}.Debug|x86.ActiveCfg = Debug|x86
		{7E638BD9-AA31-449C-8B3C-CB4D5D117C55}.Debug|x86.Build.0 = Debug|x86
		{7E638BD9-AA31-449C-8B3C-CB4D5D117C55}.Debug|x86.Deploy.0 = Debug|x86
		{7E638BD9-AA31-449C-8B3C-CB4D5D117C55}.Release|Any CPU.ActiveCfg = Release|Any CPU
		{7E638BD9-AA31-449C-8B3C-CB4D5D117C55}.Release|Any CPU.Build.0 = Release|Any CPU
		{7E638BD9-AA31-449C-8B3C-CB4D5D117C55}.Release|Any CPU.Deploy.0 = Release|Any CPU
		{7E638BD9-AA31-449C-8B3C-CB4D5D117C55}.Release|ARM.ActiveCfg = Release|ARM
		{7E638BD9-AA31-449C-8B3C-CB4D5D117C55}.Release|ARM.Build.0 = Release|ARM
		{7E638BD9-AA31-449C-8B3C-CB4D5D117C55}.Release|ARM.Deploy.0 = Release|ARM
		{7E638BD9-AA31-449C-8B3C-CB4D5D117C55}.Release|x86.ActiveCfg = Release|x86
		{7E638BD9-AA31-449C-8B3C-CB4D5D117C55}.Release|x86.Build.0 = Release|x86
		{7E638BD9-AA31-449C-8B3C-CB4D5D117C55}.Release|x86.Deploy.0 = Release|x86
		{0B7FEA1B-6F70-46C8-ADBC-13501EDF774F}.Debug|Any CPU.ActiveCfg = Debug|Any CPU
		{0B7FEA1B-6F70-46C8-ADBC-13501EDF774F}.Debug|Any CPU.Build.0 = Debug|Any CPU
		{0B7FEA1B-6F70-46C8-ADBC-13501EDF774F}.Debug|Any CPU.Deploy.0 = Debug|Any CPU
		{0B7FEA1B-6F70-46C8-ADBC-13501EDF774F}.Debug|ARM.ActiveCfg = Debug|ARM
		{0B7FEA1B-6F70-46C8-ADBC-13501EDF774F}.Debug|ARM.Build.0 = Debug|ARM
		{0B7FEA1B-6F70-46C8-ADBC-13501EDF774F}.Debug|ARM.Deploy.0 = Debug|ARM
		{0B7FEA1B-6F70-46C8-ADBC-13501EDF774F}.Debug|x86.ActiveCfg = Debug|x86
		{0B7FEA1B-6F70-46C8-ADBC-13501EDF774F}.Debug|x86.Build.0 = Debug|x86
		{0B7FEA1B-6F70-46C8-ADBC-13501EDF774F}.Debug|x86.Deploy.0 = Debug|x86
		{0B7FEA1B-6F70-46C8-ADBC-13501EDF774F}.Release|Any CPU.ActiveCfg = Release|Any CPU
		{0B7FEA1B-6F70-46C8-ADBC-13501EDF774F}.Release|Any CPU.Build.0 = Release|Any CPU
		{0B7FEA1B-6F70-46C8-ADBC-13501EDF774F}.Release|Any CPU.Deploy.0 = Release|Any CPU
		{0B7FEA1B-6F70-46C8-ADBC-13501EDF774F}.Release|ARM.ActiveCfg = Release|ARM
		{0B7FEA1B-6F70-46C8-ADBC-13501EDF774F}.Release|ARM.Build.0 = Release|ARM
		{0B7FEA1B-6F70-46C8-ADBC-13501EDF774F}.Release|ARM.Deploy.0 = Release|ARM
		{0B7FEA1B-6F70-46C8-ADBC-13501EDF774F}.Release|x86.ActiveCfg = Release|x86
		{0B7FEA1B-6F70-46C8-ADBC-13501EDF774F}.Release|x86.Build.0 = Release|x86
		{0B7FEA1B-6F70-46C8-ADBC-13501EDF774F}.Release|x86.Deploy.0 = Release|x86
		{E7687358-47DD-4753-B6A3-99769566C492}.Debug|Any CPU.ActiveCfg = Debug|Any CPU
		{E7687358-47DD-4753-B6A3-99769566C492}.Debug|Any CPU.Build.0 = Debug|Any CPU
		{E7687358-47DD-4753-B6A3-99769566C492}.Debug|Any CPU.Deploy.0 = Debug|Any CPU
		{E7687358-47DD-4753-B6A3-99769566C492}.Debug|ARM.ActiveCfg = Debug|ARM
		{E7687358-47DD-4753-B6A3-99769566C492}.Debug|ARM.Build.0 = Debug|ARM
		{E7687358-47DD-4753-B6A3-99769566C492}.Debug|ARM.Deploy.0 = Debug|ARM
		{E7687358-47DD-4753-B6A3-99769566C492}.Debug|x86.ActiveCfg = Debug|x86
		{E7687358-47DD-4753-B6A3-99769566C492}.Debug|x86.Build.0 = Debug|x86
		{E7687358-47DD-4753-B6A3-99769566C492}.Debug|x86.Deploy.0 = Debug|x86
		{E7687358-47DD-4753-B6A3-99769566C492}.Release|Any CPU.ActiveCfg = Release|Any CPU
		{E7687358-47DD-4753-B6A3-99769566C492}.Release|Any CPU.Build.0 = Release|Any CPU
		{E7687358-47DD-4753-B6A3-99769566C492}.Release|Any CPU.Deploy.0 = Release|Any CPU
		{E7687358-47DD-4753-B6A3-99769566C492}.Release|ARM.ActiveCfg = Release|ARM
		{E7687358-47DD-4753-B6A3-99769566C492}.Release|ARM.Build.0 = Release|ARM
		{E7687358-47DD-4753-B6A3-99769566C492}.Release|ARM.Deploy.0 = Release|ARM
		{E7687358-47DD-4753-B6A3-99769566C492}.Release|x86.ActiveCfg = Release|x86
		{E7687358-47DD-4753-B6A3-99769566C492}.Release|x86.Build.0 = Release|x86
		{E7687358-47DD-4753-B6A3-99769566C492}.Release|x86.Deploy.0 = Release|x86
	EndGlobalSection
	GlobalSection(SolutionProperties) = preSolution
		HideSolutionNode = FALSE
	EndGlobalSection
EndGlobal
